Microsoft Visual Studio Solution File, Format Version 12.00
# Visual Studio Version 17
VisualStudioVersion = 17.5.2.0
MinimumVisualStudioVersion = 10.0.40219.1
Project("{FAE04EC0-301F-11D3-BF4B-00C04F79EFBC}") = "mm2", "mm2.csproj", "{21966CC1-257B-C096-566A-930A8ED74A23}"
EndProject
Global
	GlobalSection(SolutionConfigurationPlatforms) = preSolution
		Debug|Any CPU = Debug|Any CPU
		Release|Any CPU = Release|Any CPU
	EndGlobalSection
	GlobalSection(ProjectConfigurationPlatforms) = postSolution
		{21966CC1-257B-C096-566A-930A8ED74A23}.Debug|Any CPU.ActiveCfg = Debug|Any CPU
		{21966CC1-257B-C096-566A-930A8ED74A23}.Debug|Any CPU.Build.0 = Debug|Any CPU
		{21966CC1-257B-C096-566A-930A8ED74A23}.Release|Any CPU.ActiveCfg = Release|Any CPU
		{21966CC1-257B-C096-566A-930A8ED74A23}.Release|Any CPU.Build.0 = Release|Any CPU
	EndGlobalSection
	GlobalSection(SolutionProperties) = preSolution
		HideSolutionNode = FALSE
	EndGlobalSection
	GlobalSection(ExtensibilityGlobals) = postSolution
		SolutionGuid = {6434FBCF-A23D-4CCE-833D-9642FF0FB9B0}
	EndGlobalSection
EndGlobal
